// !$*UTF8*$!
{
	archiveVersion = 1;
	classes = {
	};
	objectVersion = 46;
	objects = {

/* Begin PBXBuildFile section */
		4522B7D41B5E85060053DD8E /* logo_azul.png in Resources */ = {isa = PBXBuildFile; fileRef = 4522B7D21B5E85060053DD8E /* logo_azul.png */; };
		4522B7D51B5E85060053DD8E /* logo_vermelho.png in Resources */ = {isa = PBXBuildFile; fileRef = 4522B7D31B5E85060053DD8E /* logo_vermelho.png */; };
		4522B7DE1B5EB85C0053DD8E /* TabBarCustomizadaController.swift in Sources */ = {isa = PBXBuildFile; fileRef = 4522B7DD1B5EB85C0053DD8E /* TabBarCustomizadaController.swift */; };
		453961251B5BE35D0097DEDB /* AppDelegate.swift in Sources */ = {isa = PBXBuildFile; fileRef = 453961241B5BE35D0097DEDB /* AppDelegate.swift */; };
		4539612A1B5BE35D0097DEDB /* Main.storyboard in Resources */ = {isa = PBXBuildFile; fileRef = 453961281B5BE35D0097DEDB /* Main.storyboard */; };
		4539612C1B5BE35D0097DEDB /* Images.xcassets in Resources */ = {isa = PBXBuildFile; fileRef = 4539612B1B5BE35D0097DEDB /* Images.xcassets */; };
		4539612F1B5BE35D0097DEDB /* LaunchScreen.xib in Resources */ = {isa = PBXBuildFile; fileRef = 4539612D1B5BE35D0097DEDB /* LaunchScreen.xib */; };
		4539613B1B5BE35D0097DEDB /* MiniFarmaTests.swift in Sources */ = {isa = PBXBuildFile; fileRef = 4539613A1B5BE35D0097DEDB /* MiniFarmaTests.swift */; };
		453961501B5BE5370097DEDB /* Localizable.strings in Resources */ = {isa = PBXBuildFile; fileRef = 453961521B5BE5370097DEDB /* Localizable.strings */; };
		4539615C1B5BEEA30097DEDB /* FMDatabase.m in Sources */ = {isa = PBXBuildFile; fileRef = 453961571B5BEEA30097DEDB /* FMDatabase.m */; };
		4539615D1B5BEEA30097DEDB /* FMDatabaseAdditions.m in Sources */ = {isa = PBXBuildFile; fileRef = 453961591B5BEEA30097DEDB /* FMDatabaseAdditions.m */; };
		4539615E1B5BEEA30097DEDB /* FMResultSet.m in Sources */ = {isa = PBXBuildFile; fileRef = 4539615B1B5BEEA30097DEDB /* FMResultSet.m */; };
		453961601B5BEEC20097DEDB /* libsqlite3.0.dylib in Frameworks */ = {isa = PBXBuildFile; fileRef = 4539615F1B5BEEC20097DEDB /* libsqlite3.0.dylib */; };
		453961621B5BEED30097DEDB /* CoreLocation.framework in Frameworks */ = {isa = PBXBuildFile; fileRef = 453961611B5BEED30097DEDB /* CoreLocation.framework */; };
		4539616A1B5BF1950097DEDB /* InfoPlist.strings in Resources */ = {isa = PBXBuildFile; fileRef = 4539616C1B5BF1950097DEDB /* InfoPlist.strings */; };
		45DAB5321B5C29A400AA2860 /* RemediosViewController.swift in Sources */ = {isa = PBXBuildFile; fileRef = 45DAB5311B5C29A400AA2860 /* RemediosViewController.swift */; };
		45DAB5341B5C2ECE00AA2860 /* AlertaViewController.swift in Sources */ = {isa = PBXBuildFile; fileRef = 45DAB5331B5C2ECE00AA2860 /* AlertaViewController.swift */; };
		45DAB5361B5C334A00AA2860 /* Remedio.swift in Sources */ = {isa = PBXBuildFile; fileRef = 45DAB5351B5C334A00AA2860 /* Remedio.swift */; };
		45DAB5381B5C335100AA2860 /* Alerta.swift in Sources */ = {isa = PBXBuildFile; fileRef = 45DAB5371B5C335100AA2860 /* Alerta.swift */; };
		45E8CD841B5FD94F00190FA1 /* Inicial.storyboard in Resources */ = {isa = PBXBuildFile; fileRef = 45E8CD831B5FD94F00190FA1 /* Inicial.storyboard */; };
		45E8CD861B5FDA2B00190FA1 /* TelaInicialViewController.swift in Sources */ = {isa = PBXBuildFile; fileRef = 45E8CD851B5FDA2B00190FA1 /* TelaInicialViewController.swift */; };
/* End PBXBuildFile section */

/* Begin PBXContainerItemProxy section */
		453961351B5BE35D0097DEDB /* PBXContainerItemProxy */ = {
			isa = PBXContainerItemProxy;
			containerPortal = 453961171B5BE35D0097DEDB /* Project object */;
			proxyType = 1;
			remoteGlobalIDString = 4539611E1B5BE35D0097DEDB;
			remoteInfo = MiniFarma;
		};
/* End PBXContainerItemProxy section */

/* Begin PBXFileReference section */
		4522B7D21B5E85060053DD8E /* logo_azul.png */ = {isa = PBXFileReference; lastKnownFileType = image.png; path = logo_azul.png; sourceTree = "<group>"; };
		4522B7D31B5E85060053DD8E /* logo_vermelho.png */ = {isa = PBXFileReference; lastKnownFileType = image.png; path = logo_vermelho.png; sourceTree = "<group>"; };
		4522B7DD1B5EB85C0053DD8E /* TabBarCustomizadaController.swift */ = {isa = PBXFileReference; fileEncoding = 4; lastKnownFileType = sourcecode.swift; path = TabBarCustomizadaController.swift; sourceTree = "<group>"; };
		4522B7E01B5EC0CA0053DD8E /* en */ = {isa = PBXFileReference; lastKnownFileType = text.plist.strings; name = en; path = en.lproj/LaunchScreen.strings; sourceTree = "<group>"; };
		4539611F1B5BE35D0097DEDB /* MiniFarma.app */ = {isa = PBXFileReference; explicitFileType = wrapper.application; includeInIndex = 0; path = MiniFarma.app; sourceTree = BUILT_PRODUCTS_DIR; };
		453961231B5BE35D0097DEDB /* Info.plist */ = {isa = PBXFileReference; lastKnownFileType = text.plist.xml; path = Info.plist; sourceTree = "<group>"; };
		453961241B5BE35D0097DEDB /* AppDelegate.swift */ = {isa = PBXFileReference; lastKnownFileType = sourcecode.swift; path = AppDelegate.swift; sourceTree = "<group>"; };
		453961291B5BE35D0097DEDB /* Base */ = {isa = PBXFileReference; lastKnownFileType = file.storyboard; name = Base; path = Base.lproj/Main.storyboard; sourceTree = "<group>"; };
		4539612B1B5BE35D0097DEDB /* Images.xcassets */ = {isa = PBXFileReference; lastKnownFileType = folder.assetcatalog; path = Images.xcassets; sourceTree = "<group>"; };
		4539612E1B5BE35D0097DEDB /* Base */ = {isa = PBXFileReference; lastKnownFileType = file.xib; name = Base; path = Base.lproj/LaunchScreen.xib; sourceTree = "<group>"; };
		453961341B5BE35D0097DEDB /* MiniFarmaTests.xctest */ = {isa = PBXFileReference; explicitFileType = wrapper.cfbundle; includeInIndex = 0; path = MiniFarmaTests.xctest; sourceTree = BUILT_PRODUCTS_DIR; };
		453961391B5BE35D0097DEDB /* Info.plist */ = {isa = PBXFileReference; lastKnownFileType = text.plist.xml; path = Info.plist; sourceTree = "<group>"; };
		4539613A1B5BE35D0097DEDB /* MiniFarmaTests.swift */ = {isa = PBXFileReference; lastKnownFileType = sourcecode.swift; path = MiniFarmaTests.swift; sourceTree = "<group>"; };
		4539614C1B5BE5160097DEDB /* pt-BR */ = {isa = PBXFileReference; lastKnownFileType = text.plist.strings; name = "pt-BR"; path = "pt-BR.lproj/Main.strings"; sourceTree = "<group>"; };
		4539614D1B5BE5160097DEDB /* pt-BR */ = {isa = PBXFileReference; lastKnownFileType = text.plist.strings; name = "pt-BR"; path = "pt-BR.lproj/LaunchScreen.strings"; sourceTree = "<group>"; };
		453961511B5BE5370097DEDB /* pt-BR */ = {isa = PBXFileReference; lastKnownFileType = text.plist.strings; name = "pt-BR"; path = "pt-BR.lproj/Localizable.strings"; sourceTree = "<group>"; };
		453961531B5BE53B0097DEDB /* en */ = {isa = PBXFileReference; lastKnownFileType = text.plist.strings; name = en; path = en.lproj/Localizable.strings; sourceTree = "<group>"; };
		453961551B5BEDA80097DEDB /* en */ = {isa = PBXFileReference; lastKnownFileType = text.plist.strings; name = en; path = en.lproj/Main.strings; sourceTree = "<group>"; };
		453961561B5BEEA30097DEDB /* FMDatabase.h */ = {isa = PBXFileReference; fileEncoding = 4; lastKnownFileType = sourcecode.c.h; path = FMDatabase.h; sourceTree = "<group>"; };
		453961571B5BEEA30097DEDB /* FMDatabase.m */ = {isa = PBXFileReference; fileEncoding = 4; lastKnownFileType = sourcecode.c.objc; path = FMDatabase.m; sourceTree = "<group>"; };
		453961581B5BEEA30097DEDB /* FMDatabaseAdditions.h */ = {isa = PBXFileReference; fileEncoding = 4; lastKnownFileType = sourcecode.c.h; path = FMDatabaseAdditions.h; sourceTree = "<group>"; };
		453961591B5BEEA30097DEDB /* FMDatabaseAdditions.m */ = {isa = PBXFileReference; fileEncoding = 4; lastKnownFileType = sourcecode.c.objc; path = FMDatabaseAdditions.m; sourceTree = "<group>"; };
		4539615A1B5BEEA30097DEDB /* FMResultSet.h */ = {isa = PBXFileReference; fileEncoding = 4; lastKnownFileType = sourcecode.c.h; path = FMResultSet.h; sourceTree = "<group>"; };
		4539615B1B5BEEA30097DEDB /* FMResultSet.m */ = {isa = PBXFileReference; fileEncoding = 4; lastKnownFileType = sourcecode.c.objc; path = FMResultSet.m; sourceTree = "<group>"; };
		4539615F1B5BEEC20097DEDB /* libsqlite3.0.dylib */ = {isa = PBXFileReference; lastKnownFileType = "compiled.mach-o.dylib"; name = libsqlite3.0.dylib; path = usr/lib/libsqlite3.0.dylib; sourceTree = SDKROOT; };
		453961611B5BEED30097DEDB /* CoreLocation.framework */ = {isa = PBXFileReference; lastKnownFileType = wrapper.framework; name = CoreLocation.framework; path = System/Library/Frameworks/CoreLocation.framework; sourceTree = SDKROOT; };
		453961631B5BEF740097DEDB /* FMDB-Bridging-Header.h */ = {isa = PBXFileReference; fileEncoding = 4; lastKnownFileType = sourcecode.c.h; path = "FMDB-Bridging-Header.h"; sourceTree = "<group>"; };
		4539616B1B5BF1950097DEDB /* pt-BR */ = {isa = PBXFileReference; lastKnownFileType = text.plist.strings; name = "pt-BR"; path = "pt-BR.lproj/InfoPlist.strings"; sourceTree = "<group>"; };
		4539616D1B5BF1AE0097DEDB /* en */ = {isa = PBXFileReference; lastKnownFileType = text.plist.strings; name = en; path = en.lproj/InfoPlist.strings; sourceTree = "<group>"; };
		45DAB5311B5C29A400AA2860 /* RemediosViewController.swift */ = {isa = PBXFileReference; fileEncoding = 4; lastKnownFileType = sourcecode.swift; path = RemediosViewController.swift; sourceTree = "<group>"; };
		45DAB5331B5C2ECE00AA2860 /* AlertaViewController.swift */ = {isa = PBXFileReference; fileEncoding = 4; lastKnownFileType = sourcecode.swift; path = AlertaViewController.swift; sourceTree = "<group>"; };
		45DAB5351B5C334A00AA2860 /* Remedio.swift */ = {isa = PBXFileReference; fileEncoding = 4; lastKnownFileType = sourcecode.swift; path = Remedio.swift; sourceTree = "<group>"; };
		45DAB5371B5C335100AA2860 /* Alerta.swift */ = {isa = PBXFileReference; fileEncoding = 4; lastKnownFileType = sourcecode.swift; path = Alerta.swift; sourceTree = "<group>"; };
		45E8CD831B5FD94F00190FA1 /* Inicial.storyboard */ = {isa = PBXFileReference; fileEncoding = 4; lastKnownFileType = file.storyboard; path = Inicial.storyboard; sourceTree = "<group>"; };
		45E8CD851B5FDA2B00190FA1 /* TelaInicialViewController.swift */ = {isa = PBXFileReference; fileEncoding = 4; lastKnownFileType = sourcecode.swift; path = TelaInicialViewController.swift; sourceTree = "<group>"; };
/* End PBXFileReference section */

/* Begin PBXFrameworksBuildPhase section */
		4539611C1B5BE35D0097DEDB /* Frameworks */ = {
			isa = PBXFrameworksBuildPhase;
			buildActionMask = 2147483647;
			files = (
				453961621B5BEED30097DEDB /* CoreLocation.framework in Frameworks */,
				453961601B5BEEC20097DEDB /* libsqlite3.0.dylib in Frameworks */,
			);
			runOnlyForDeploymentPostprocessing = 0;
		};
		453961311B5BE35D0097DEDB /* Frameworks */ = {
			isa = PBXFrameworksBuildPhase;
			buildActionMask = 2147483647;
			files = (
			);
			runOnlyForDeploymentPostprocessing = 0;
		};
/* End PBXFrameworksBuildPhase section */

/* Begin PBXGroup section */
		453961161B5BE35D0097DEDB = {
			isa = PBXGroup;
			children = (
				453961211B5BE35D0097DEDB /* MiniFarma */,
				453961371B5BE35D0097DEDB /* MiniFarmaTests */,
				453961201B5BE35D0097DEDB /* Products */,
			);
			sourceTree = "<group>";
		};
		453961201B5BE35D0097DEDB /* Products */ = {
			isa = PBXGroup;
			children = (
				4539611F1B5BE35D0097DEDB /* MiniFarma.app */,
				453961341B5BE35D0097DEDB /* MiniFarmaTests.xctest */,
			);
			name = Products;
			sourceTree = "<group>";
		};
		453961211B5BE35D0097DEDB /* MiniFarma */ = {
			isa = PBXGroup;
			children = (
				453961241B5BE35D0097DEDB /* AppDelegate.swift */,
				45E8CD821B5FD92F00190FA1 /* Tela Inicial */,
				453961441B5BE3A50097DEDB /* Assets */,
				453961491B5BE3C60097DEDB /* BancoDeDados */,
				453961451B5BE3AB0097DEDB /* Bridge */,
				453961461B5BE3B00097DEDB /* Controlador */,
				453961671B5BF0A00097DEDB /* DAO */,
				4539614B1B5BE4D70097DEDB /* Framework */,
				453961471B5BE3B80097DEDB /* Internacionalizacao */,
				453961481B5BE3C00097DEDB /* Modelo */,
				4539614A1B5BE3F80097DEDB /* Storyboard */,
				453961221B5BE35D0097DEDB /* Supporting Files */,
			);
			path = MiniFarma;
			sourceTree = "<group>";
		};
		453961221B5BE35D0097DEDB /* Supporting Files */ = {
			isa = PBXGroup;
			children = (
				453961231B5BE35D0097DEDB /* Info.plist */,
			);
			name = "Supporting Files";
			sourceTree = "<group>";
		};
		453961371B5BE35D0097DEDB /* MiniFarmaTests */ = {
			isa = PBXGroup;
			children = (
				4539613A1B5BE35D0097DEDB /* MiniFarmaTests.swift */,
				453961381B5BE35D0097DEDB /* Supporting Files */,
			);
			path = MiniFarmaTests;
			sourceTree = "<group>";
		};
		453961381B5BE35D0097DEDB /* Supporting Files */ = {
			isa = PBXGroup;
			children = (
				453961391B5BE35D0097DEDB /* Info.plist */,
			);
			name = "Supporting Files";
			sourceTree = "<group>";
		};
		453961441B5BE3A50097DEDB /* Assets */ = {
			isa = PBXGroup;
			children = (
				4522B7D21B5E85060053DD8E /* logo_azul.png */,
				4522B7D31B5E85060053DD8E /* logo_vermelho.png */,
				4539612B1B5BE35D0097DEDB /* Images.xcassets */,
			);
			name = Assets;
			sourceTree = "<group>";
		};
		453961451B5BE3AB0097DEDB /* Bridge */ = {
			isa = PBXGroup;
			children = (
				453961631B5BEF740097DEDB /* FMDB-Bridging-Header.h */,
			);
			name = Bridge;
			sourceTree = "<group>";
		};
		453961461B5BE3B00097DEDB /* Controlador */ = {
			isa = PBXGroup;
			children = (
				453961281B5BE35D0097DEDB /* Main.storyboard */,
				4522B7DD1B5EB85C0053DD8E /* TabBarCustomizadaController.swift */,
				45DAB5311B5C29A400AA2860 /* RemediosViewController.swift */,
				45DAB5331B5C2ECE00AA2860 /* AlertaViewController.swift */,
			);
			name = Controlador;
			sourceTree = "<group>";
		};
		453961471B5BE3B80097DEDB /* Internacionalizacao */ = {
			isa = PBXGroup;
			children = (
				453961521B5BE5370097DEDB /* Localizable.strings */,
				4539616C1B5BF1950097DEDB /* InfoPlist.strings */,
			);
			name = Internacionalizacao;
			sourceTree = "<group>";
		};
		453961481B5BE3C00097DEDB /* Modelo */ = {
			isa = PBXGroup;
			children = (
				45DAB5351B5C334A00AA2860 /* Remedio.swift */,
				45DAB5371B5C335100AA2860 /* Alerta.swift */,
			);
			name = Modelo;
			sourceTree = "<group>";
		};
		453961491B5BE3C60097DEDB /* BancoDeDados */ = {
			isa = PBXGroup;
			children = (
				453961661B5BF06D0097DEDB /* FMDB */,
			);
			name = BancoDeDados;
			sourceTree = "<group>";
		};
		4539614A1B5BE3F80097DEDB /* Storyboard */ = {
			isa = PBXGroup;
			children = (
				4539612D1B5BE35D0097DEDB /* LaunchScreen.xib */,
			);
			name = Storyboard;
			sourceTree = "<group>";
		};
		4539614B1B5BE4D70097DEDB /* Framework */ = {
			isa = PBXGroup;
			children = (
				453961611B5BEED30097DEDB /* CoreLocation.framework */,
				4539615F1B5BEEC20097DEDB /* libsqlite3.0.dylib */,
			);
			name = Framework;
			sourceTree = "<group>";
		};
		453961661B5BF06D0097DEDB /* FMDB */ = {
			isa = PBXGroup;
			children = (
				453961561B5BEEA30097DEDB /* FMDatabase.h */,
				453961571B5BEEA30097DEDB /* FMDatabase.m */,
				453961581B5BEEA30097DEDB /* FMDatabaseAdditions.h */,
				453961591B5BEEA30097DEDB /* FMDatabaseAdditions.m */,
				4539615A1B5BEEA30097DEDB /* FMResultSet.h */,
				4539615B1B5BEEA30097DEDB /* FMResultSet.m */,
			);
			name = FMDB;
			sourceTree = "<group>";
		};
		453961671B5BF0A00097DEDB /* DAO */ = {
			isa = PBXGroup;
			children = (
			);
			name = DAO;
			sourceTree = "<group>";
		};
		45E8CD821B5FD92F00190FA1 /* Tela Inicial */ = {
			isa = PBXGroup;
			children = (
				45E8CD831B5FD94F00190FA1 /* Inicial.storyboard */,
				45E8CD851B5FDA2B00190FA1 /* TelaInicialViewController.swift */,
			);
			name = "Tela Inicial";
			sourceTree = "<group>";
		};
/* End PBXGroup section */

/* Begin PBXNativeTarget section */
		4539611E1B5BE35D0097DEDB /* MiniFarma */ = {
			isa = PBXNativeTarget;
			buildConfigurationList = 4539613E1B5BE35D0097DEDB /* Build configuration list for PBXNativeTarget "MiniFarma" */;
			buildPhases = (
				4539611B1B5BE35D0097DEDB /* Sources */,
				4539611C1B5BE35D0097DEDB /* Frameworks */,
				4539611D1B5BE35D0097DEDB /* Resources */,
			);
			buildRules = (
			);
			dependencies = (
			);
			name = MiniFarma;
			productName = MiniFarma;
			productReference = 4539611F1B5BE35D0097DEDB /* MiniFarma.app */;
			productType = "com.apple.product-type.application";
		};
		453961331B5BE35D0097DEDB /* MiniFarmaTests */ = {
			isa = PBXNativeTarget;
			buildConfigurationList = 453961411B5BE35D0097DEDB /* Build configuration list for PBXNativeTarget "MiniFarmaTests" */;
			buildPhases = (
				453961301B5BE35D0097DEDB /* Sources */,
				453961311B5BE35D0097DEDB /* Frameworks */,
				453961321B5BE35D0097DEDB /* Resources */,
			);
			buildRules = (
			);
			dependencies = (
				453961361B5BE35D0097DEDB /* PBXTargetDependency */,
			);
			name = MiniFarmaTests;
			productName = MiniFarmaTests;
			productReference = 453961341B5BE35D0097DEDB /* MiniFarmaTests.xctest */;
			productType = "com.apple.product-type.bundle.unit-test";
		};
/* End PBXNativeTarget section */

/* Begin PBXProject section */
		453961171B5BE35D0097DEDB /* Project object */ = {
			isa = PBXProject;
			attributes = {
				LastUpgradeCheck = 0640;
				ORGANIZATIONNAME = JGBrittoS;
				TargetAttributes = {
					4539611E1B5BE35D0097DEDB = {
						CreatedOnToolsVersion = 6.4;
					};
					453961331B5BE35D0097DEDB = {
						CreatedOnToolsVersion = 6.4;
						TestTargetID = 4539611E1B5BE35D0097DEDB;
					};
				};
			};
			buildConfigurationList = 4539611A1B5BE35D0097DEDB /* Build configuration list for PBXProject "MiniFarma" */;
			compatibilityVersion = "Xcode 3.2";
			developmentRegion = English;
			hasScannedForEncodings = 0;
			knownRegions = (
				en,
				Base,
			);
			mainGroup = 453961161B5BE35D0097DEDB;
			productRefGroup = 453961201B5BE35D0097DEDB /* Products */;
			projectDirPath = "";
			projectRoot = "";
			targets = (
				4539611E1B5BE35D0097DEDB /* MiniFarma */,
				453961331B5BE35D0097DEDB /* MiniFarmaTests */,
			);
		};
/* End PBXProject section */

/* Begin PBXResourcesBuildPhase section */
		4539611D1B5BE35D0097DEDB /* Resources */ = {
			isa = PBXResourcesBuildPhase;
			buildActionMask = 2147483647;
			files = (
				4522B7D41B5E85060053DD8E /* logo_azul.png in Resources */,
				4539612A1B5BE35D0097DEDB /* Main.storyboard in Resources */,
				45E8CD841B5FD94F00190FA1 /* Inicial.storyboard in Resources */,
				453961501B5BE5370097DEDB /* Localizable.strings in Resources */,
				4539612F1B5BE35D0097DEDB /* LaunchScreen.xib in Resources */,
				4539612C1B5BE35D0097DEDB /* Images.xcassets in Resources */,
				4522B7D51B5E85060053DD8E /* logo_vermelho.png in Resources */,
				4539616A1B5BF1950097DEDB /* InfoPlist.strings in Resources */,
			);
			runOnlyForDeploymentPostprocessing = 0;
		};
		453961321B5BE35D0097DEDB /* Resources */ = {
			isa = PBXResourcesBuildPhase;
			buildActionMask = 2147483647;
			files = (
			);
			runOnlyForDeploymentPostprocessing = 0;
		};
/* End PBXResourcesBuildPhase section */

/* Begin PBXSourcesBuildPhase section */
		4539611B1B5BE35D0097DEDB /* Sources */ = {
			isa = PBXSourcesBuildPhase;
			buildActionMask = 2147483647;
			files = (
				4539615C1B5BEEA30097DEDB /* FMDatabase.m in Sources */,
				453961251B5BE35D0097DEDB /* AppDelegate.swift in Sources */,
				4539615D1B5BEEA30097DEDB /* FMDatabaseAdditions.m in Sources */,
				45E8CD861B5FDA2B00190FA1 /* TelaInicialViewController.swift in Sources */,
				4522B7DE1B5EB85C0053DD8E /* TabBarCustomizadaController.swift in Sources */,
				45DAB5341B5C2ECE00AA2860 /* AlertaViewController.swift in Sources */,
				45DAB5361B5C334A00AA2860 /* Remedio.swift in Sources */,
				45DAB5321B5C29A400AA2860 /* RemediosViewController.swift in Sources */,
				45DAB5381B5C335100AA2860 /* Alerta.swift in Sources */,
				4539615E1B5BEEA30097DEDB /* FMResultSet.m in Sources */,
			);
			runOnlyForDeploymentPostprocessing = 0;
		};
		453961301B5BE35D0097DEDB /* Sources */ = {
			isa = PBXSourcesBuildPhase;
			buildActionMask = 2147483647;
			files = (
				4539613B1B5BE35D0097DEDB /* MiniFarmaTests.swift in Sources */,
			);
			runOnlyForDeploymentPostprocessing = 0;
		};
/* End PBXSourcesBuildPhase section */

/* Begin PBXTargetDependency section */
		453961361B5BE35D0097DEDB /* PBXTargetDependency */ = {
			isa = PBXTargetDependency;
			target = 4539611E1B5BE35D0097DEDB /* MiniFarma */;
			targetProxy = 453961351B5BE35D0097DEDB /* PBXContainerItemProxy */;
		};
/* End PBXTargetDependency section */

/* Begin PBXVariantGroup section */
		453961281B5BE35D0097DEDB /* Main.storyboard */ = {
			isa = PBXVariantGroup;
			children = (
				453961291B5BE35D0097DEDB /* Base */,
				4539614C1B5BE5160097DEDB /* pt-BR */,
				453961551B5BEDA80097DEDB /* en */,
			);
			name = Main.storyboard;
			sourceTree = "<group>";
		};
		4539612D1B5BE35D0097DEDB /* LaunchScreen.xib */ = {
			isa = PBXVariantGroup;
			children = (
				4539612E1B5BE35D0097DEDB /* Base */,
				4539614D1B5BE5160097DEDB /* pt-BR */,
				4522B7E01B5EC0CA0053DD8E /* en */,
			);
			name = LaunchScreen.xib;
			sourceTree = "<group>";
		};
		453961521B5BE5370097DEDB /* Localizable.strings */ = {
			isa = PBXVariantGroup;
			children = (
				453961511B5BE5370097DEDB /* pt-BR */,
				453961531B5BE53B0097DEDB /* en */,
			);
			name = Localizable.strings;
			sourceTree = "<group>";
		};
		4539616C1B5BF1950097DEDB /* InfoPlist.strings */ = {
			isa = PBXVariantGroup;
			children = (
				4539616B1B5BF1950097DEDB /* pt-BR */,
				4539616D1B5BF1AE0097DEDB /* en */,
			);
			name = InfoPlist.strings;
			sourceTree = "<group>";
		};
/* End PBXVariantGroup section */

/* Begin XCBuildConfiguration section */
		4539613C1B5BE35D0097DEDB /* Debug */ = {
			isa = XCBuildConfiguration;
			buildSettings = {
				ALWAYS_SEARCH_USER_PATHS = NO;
				CLANG_CXX_LANGUAGE_STANDARD = "gnu++0x";
				CLANG_CXX_LIBRARY = "libc++";
				CLANG_ENABLE_MODULES = YES;
				CLANG_ENABLE_OBJC_ARC = YES;
				CLANG_WARN_BOOL_CONVERSION = YES;
				CLANG_WARN_CONSTANT_CONVERSION = YES;
				CLANG_WARN_DIRECT_OBJC_ISA_USAGE = YES_ERROR;
				CLANG_WARN_EMPTY_BODY = YES;
				CLANG_WARN_ENUM_CONVERSION = YES;
				CLANG_WARN_INT_CONVERSION = YES;
				CLANG_WARN_OBJC_ROOT_CLASS = YES_ERROR;
				CLANG_WARN_UNREACHABLE_CODE = YES;
				CLANG_WARN__DUPLICATE_METHOD_MATCH = YES;
				"CODE_SIGN_IDENTITY[sdk=iphoneos*]" = "iPhone Developer";
				COPY_PHASE_STRIP = NO;
				DEBUG_INFORMATION_FORMAT = "dwarf-with-dsym";
				ENABLE_STRICT_OBJC_MSGSEND = YES;
				GCC_C_LANGUAGE_STANDARD = gnu99;
				GCC_DYNAMIC_NO_PIC = NO;
				GCC_NO_COMMON_BLOCKS = YES;
				GCC_OPTIMIZATION_LEVEL = 0;
				GCC_PREPROCESSOR_DEFINITIONS = (
					"DEBUG=1",
					"$(inherited)",
				);
				GCC_SYMBOLS_PRIVATE_EXTERN = NO;
				GCC_WARN_64_TO_32_BIT_CONVERSION = YES;
				GCC_WARN_ABOUT_RETURN_TYPE = YES_ERROR;
				GCC_WARN_UNDECLARED_SELECTOR = YES;
				GCC_WARN_UNINITIALIZED_AUTOS = YES_AGGRESSIVE;
				GCC_WARN_UNUSED_FUNCTION = YES;
				GCC_WARN_UNUSED_VARIABLE = YES;
				IPHONEOS_DEPLOYMENT_TARGET = 8.0;
				MTL_ENABLE_DEBUG_INFO = YES;
				ONLY_ACTIVE_ARCH = YES;
				SDKROOT = iphoneos;
				SWIFT_OPTIMIZATION_LEVEL = "-Onone";
			};
			name = Debug;
		};
		4539613D1B5BE35D0097DEDB /* Release */ = {
			isa = XCBuildConfiguration;
			buildSettings = {
				ALWAYS_SEARCH_USER_PATHS = NO;
				CLANG_CXX_LANGUAGE_STANDARD = "gnu++0x";
				CLANG_CXX_LIBRARY = "libc++";
				CLANG_ENABLE_MODULES = YES;
				CLANG_ENABLE_OBJC_ARC = YES;
				CLANG_WARN_BOOL_CONVERSION = YES;
				CLANG_WARN_CONSTANT_CONVERSION = YES;
				CLANG_WARN_DIRECT_OBJC_ISA_USAGE = YES_ERROR;
				CLANG_WARN_EMPTY_BODY = YES;
				CLANG_WARN_ENUM_CONVERSION = YES;
				CLANG_WARN_INT_CONVERSION = YES;
				CLANG_WARN_OBJC_ROOT_CLASS = YES_ERROR;
				CLANG_WARN_UNREACHABLE_CODE = YES;
				CLANG_WARN__DUPLICATE_METHOD_MATCH = YES;
				"CODE_SIGN_IDENTITY[sdk=iphoneos*]" = "iPhone Developer";
				COPY_PHASE_STRIP = NO;
				DEBUG_INFORMATION_FORMAT = "dwarf-with-dsym";
				ENABLE_NS_ASSERTIONS = NO;
				ENABLE_STRICT_OBJC_MSGSEND = YES;
				GCC_C_LANGUAGE_STANDARD = gnu99;
				GCC_NO_COMMON_BLOCKS = YES;
				GCC_WARN_64_TO_32_BIT_CONVERSION = YES;
				GCC_WARN_ABOUT_RETURN_TYPE = YES_ERROR;
				GCC_WARN_UNDECLARED_SELECTOR = YES;
				GCC_WARN_UNINITIALIZED_AUTOS = YES_AGGRESSIVE;
				GCC_WARN_UNUSED_FUNCTION = YES;
				GCC_WARN_UNUSED_VARIABLE = YES;
				IPHONEOS_DEPLOYMENT_TARGET = 8.0;
				MTL_ENABLE_DEBUG_INFO = NO;
				SDKROOT = iphoneos;
				VALIDATE_PRODUCT = YES;
			};
			name = Release;
		};
		4539613F1B5BE35D0097DEDB /* Debug */ = {
			isa = XCBuildConfiguration;
			buildSettings = {
				ASSETCATALOG_COMPILER_APPICON_NAME = AppIcon;
				CLANG_ENABLE_MODULES = YES;
				CODE_SIGN_IDENTITY = "iPhone Developer";
				"CODE_SIGN_IDENTITY[sdk=iphoneos*]" = "iPhone Developer";
				INFOPLIST_FILE = MiniFarma/Info.plist;
				IPHONEOS_DEPLOYMENT_TARGET = 8.0;
				LD_RUNPATH_SEARCH_PATHS = "$(inherited) @executable_path/Frameworks";
				PRODUCT_NAME = "$(TARGET_NAME)";
				PROVISIONING_PROFILE = "";
				SWIFT_OBJC_BRIDGING_HEADER = "$(SWIFT_MODULE_NAME)/FMDB-Bridging-Header.h";
				SWIFT_OPTIMIZATION_LEVEL = "-Onone";
			};
			name = Debug;
		};
		453961401B5BE35D0097DEDB /* Release */ = {
			isa = XCBuildConfiguration;
			buildSettings = {
				ASSETCATALOG_COMPILER_APPICON_NAME = AppIcon;
				CLANG_ENABLE_MODULES = YES;
				CODE_SIGN_IDENTITY = "iPhone Developer";
				"CODE_SIGN_IDENTITY[sdk=iphoneos*]" = "iPhone Developer";
				INFOPLIST_FILE = MiniFarma/Info.plist;
				IPHONEOS_DEPLOYMENT_TARGET = 8.0;
				LD_RUNPATH_SEARCH_PATHS = "$(inherited) @executable_path/Frameworks";
				PRODUCT_NAME = "$(TARGET_NAME)";
				PROVISIONING_PROFILE = "";
				SWIFT_OBJC_BRIDGING_HEADER = "$(SWIFT_MODULE_NAME)/FMDB-Bridging-Header.h";
			};
			name = Release;
		};
		453961421B5BE35D0097DEDB /* Debug */ = {
			isa = XCBuildConfiguration;
			buildSettings = {
				BUNDLE_LOADER = "$(TEST_HOST)";
				FRAMEWORK_SEARCH_PATHS = (
					"$(SDKROOT)/Developer/Library/Frameworks",
					"$(inherited)",
				);
				GCC_PREPROCESSOR_DEFINITIONS = (
					"DEBUG=1",
					"$(inherited)",
				);
				INFOPLIST_FILE = MiniFarmaTests/Info.plist;
				LD_RUNPATH_SEARCH_PATHS = "$(inherited) @executable_path/Frameworks @loader_path/Frameworks";
				PRODUCT_NAME = "$(TARGET_NAME)";
				TEST_HOST = "$(BUILT_PRODUCTS_DIR)/MiniFarma.app/MiniFarma";
			};
			name = Debug;
		};
		453961431B5BE35D0097DEDB /* Release */ = {
			isa = XCBuildConfiguration;
			buildSettings = {
				BUNDLE_LOADER = "$(TEST_HOST)";
				FRAMEWORK_SEARCH_PATHS = (
					"$(SDKROOT)/Developer/Library/Frameworks",
					"$(inherited)",
				);
				INFOPLIST_FILE = MiniFarmaTests/Info.plist;
				LD_RUNPATH_SEARCH_PATHS = "$(inherited) @executable_path/Frameworks @loader_path/Frameworks";
				PRODUCT_NAME = "$(TARGET_NAME)";
				TEST_HOST = "$(BUILT_PRODUCTS_DIR)/MiniFarma.app/MiniFarma";
			};
			name = Release;
		};
/* End XCBuildConfiguration section */

/* Begin XCConfigurationList section */
		4539611A1B5BE35D0097DEDB /* Build configuration list for PBXProject "MiniFarma" */ = {
			isa = XCConfigurationList;
			buildConfigurations = (
				4539613C1B5BE35D0097DEDB /* Debug */,
				4539613D1B5BE35D0097DEDB /* Release */,
			);
			defaultConfigurationIsVisible = 0;
			defaultConfigurationName = Release;
		};
		4539613E1B5BE35D0097DEDB /* Build configuration list for PBXNativeTarget "MiniFarma" */ = {
			isa = XCConfigurationList;
			buildConfigurations = (
				4539613F1B5BE35D0097DEDB /* Debug */,
				453961401B5BE35D0097DEDB /* Release */,
			);
			defaultConfigurationIsVisible = 0;
			defaultConfigurationName = Release;
		};
		453961411B5BE35D0097DEDB /* Build configuration list for PBXNativeTarget "MiniFarmaTests" */ = {
			isa = XCConfigurationList;
			buildConfigurations = (
				453961421B5BE35D0097DEDB /* Debug */,
				453961431B5BE35D0097DEDB /* Release */,
			);
			defaultConfigurationIsVisible = 0;
			defaultConfigurationName = Release;
		};
/* End XCConfigurationList section */
	};
	rootObject = 453961171B5BE35D0097DEDB /* Project object */;
}
